
Microsoft Visual Studio Solution File, Format Version 12.00
# Visual Studio Version 16
VisualStudioVersion = 16.0.31105.61
MinimumVisualStudioVersion = 10.0.40219.1
Project("{FAE04EC0-301F-11D3-BF4B-00C04F79EFBC}") = "Twiliow", "Twiliow\Twiliow.csproj", "{13B4DC76-62B8-413F-9EDE-102300959502}"
EndProject
Global
	GlobalSection(SolutionConfigurationPlatforms) = preSolution
		Debug|Any CPU = Debug|Any CPU
		Release|Any CPU = Release|Any CPU
	EndGlobalSection
	GlobalSection(ProjectConfigurationPlatforms) = postSolution
		{13B4DC76-62B8-413F-9EDE-102300959502}.Debug|Any CPU.ActiveCfg = Debug|Any CPU
		{13B4DC76-62B8-413F-9EDE-102300959502}.Debug|Any CPU.Build.0 = Debug|Any CPU
		{13B4DC76-62B8-413F-9EDE-102300959502}.Release|Any CPU.ActiveCfg = Release|Any CPU
		{13B4DC76-62B8-413F-9EDE-102300959502}.Release|Any CPU.Build.0 = Release|Any CPU
	EndGlobalSection
	GlobalSection(SolutionProperties) = preSolution
		HideSolutionNode = FALSE
	EndGlobalSection
	GlobalSection(ExtensibilityGlobals) = postSolution
		SolutionGuid = {1C804E2B-2A8B-4C3E-A33D-B3EEB93D63A2}
	EndGlobalSection
EndGlobal
